{
  "name": "aforemendude-skills",
  "version": "1.0.0",
  "lockfileVersion": 3,
  "requires": true,
  "packages": {
    "": {
      "name": "aforemendude-skills",
      "version": "1.0.0",
      "devDependencies": {
        "@aforemendude/prettier-plugin-wrap-comments": "1.0.6",
        "prettier": "3.9.4"
      },
      "engines": {
        "node": ">=24.18.0"
      }
    },
    "node_modules/@aforemendude/prettier-plugin-wrap-comments": {
      "version": "1.0.6",
      "resolved": "https://registry.npmjs.org/@aforemendude/prettier-plugin-wrap-comments/-/prettier-plugin-wrap-comments-1.0.6.tgz",
      "integrity": "sha512-EiOH0U00R7WyEraMlovP9a/Qwnivp1sftQ4wWVYtOsSZdKqSl8bDzCI3YOHANfXUpVIQ6G7vF2yrK8z8ZK1Yqw==",
      "dev": true,
      "license": "MIT",
      "engines": {
        "node": ">=18"
      },
      "peerDependencies": {
        "prettier": ">=3.0.0"
      }
    },
    "node_modules/prettier": {
      "version": "3.9.4",
      "resolved": "https://registry.npmjs.org/prettier/-/prettier-3.9.4.tgz",
      "integrity": "sha512-yWG/o/4oJfo036EKAfK6ACAoDOfHeRHx4tuxkfBZiauURiaSmYwlpOr5LQqKtIkRD2z1PLteme2WoxEnj4tHTg==",
      "dev": true,
      "license": "MIT",
      "bin": {
        "prettier": "bin/prettier.cjs"
      },
      "engines": {
        "node": ">=14"
      },
      "funding": {
        "url": "https://github.com/prettier/prettier?sponsor=1"
      }
    }
  }
}
